# THIS IS AN AUTOGENERATED FILE. DO NOT EDIT THIS FILE DIRECTLY.
assets/style.scss:
  development: 2018-07-20T04:27:06-04:00   fb8f22bf1c9ba8e79c603be0ebdb3354
assets/theme.js:
  development: 2018-07-11T08:56:31-04:00   51f370aeea61e50d6d2dda8519ad6a6c
config/settings_data.json:
  development: 2018-07-09T10:44:03-04:00   99914b932bd37a50b983c5e7c90ae93b
config/settings_schema.json:
  development: 2018-07-10T04:13:21-04:00   0546d710d13f7500f1f389e4a5890593
layout/theme.liquid:
  development: 2018-07-23T08:06:06-04:00   b17f7967e83e0bfe64631ca3bdb37195
sections/collection-template.liquid:
  development: 2018-07-12T02:20:05-04:00   2ff6b01cea5c542f4425d4208dc39fce
sections/footer.liquid:
  development: 2018-07-11T03:25:55-04:00   1d714a7b5b0dc4fa5dcc2e935c2d7470
sections/header.liquid:
  development: 2018-07-20T03:08:28-04:00   9138b85d977cc69709f1e95051d8d471
sections/homepage-carousel.liquid:
  development: 2018-07-10T09:08:31-04:00   96bbd2b8b6453a5392c5939910017089
sections/homepage-products.liquid:
  development: 2018-07-12T02:18:27-04:00   6c6d0e1be9e7e7dbfe5674ac1447d92b
sections/newsletter.liquid:
  development: 2018-07-11T02:53:57-04:00   18a48f90efc59180f925d144399943a3
sections/product-category-banners.liquid:
  development: 2018-07-10T09:29:11-04:00   b1f377d253e97e5dc87b6069955b00cd
snippets/menu.liquid:
  development: 2018-07-18T06:47:30-04:00   661f2ce4688c23bef67e3aa22b72c643
snippets/menu.products.liquid:
  development: 2018-07-23T07:51:27-04:00   a0381a727d7474678efe87e0e991fe41
snippets/mobile_menu.liquid:
  development: 2018-07-20T04:01:46-04:00   8d6081e90ed7496b03b772cd92116e2c
snippets/page-header.liquid:
  development: 2018-07-17T09:14:05-04:00   c3a28e7c904251df8f56ade220d29a24
templates/404.liquid:
  development: 2018-07-09T10:44:02-04:00   153e2e400162f1ffc97dba4700b0d62b
templates/article.liquid:
  development: 2018-07-09T10:44:02-04:00
templates/blog.liquid:
  development: 2018-07-09T10:44:02-04:00
templates/cart.liquid:
  development: 2018-07-11T09:48:34-04:00   d27b5592bd08006bfb5acce7d04cbab1
templates/collection.liquid:
  development: 2018-07-11T04:07:27-04:00   35cccde0c68ec8c2663661be4536db16
templates/index.liquid:
  development: 2018-07-11T02:52:45-04:00   dbbacd8cc612574dcfd048e98e64dc4c
templates/list-collections.liquid:
  development: 2018-07-09T10:44:02-04:00
templates/page.about.liquid:
  development: 2018-07-10T04:08:09-04:00   2eee77ae2d52244406e42c05ab3782fa
templates/page.contact.liquid:
  development: 2018-07-10T08:54:29-04:00   df9a490fd67a70a1321d2e359a7d11f0
templates/page.liquid:
  development: 2018-07-11T03:48:12-04:00   23f32aa5320301eec352950c2ad2b28c
templates/password.liquid:
  development: 2018-07-09T10:44:03-04:00
templates/product.liquid:
  development: 2018-07-13T05:15:52-04:00   6373973e2d592ac28483388cdfb7fc69
templates/search.liquid:
  development: 2018-07-09T10:44:03-04:00
